{
  "originHash" : "491f8f580ec5a611c35e20c55455055958e6c830e0954d1151a179599ca02ffb",
  "pins" : [
    {
      "identity" : "sayall-mac-remote",
      "kind" : "remoteSourceControl",
      "location" : "https://github.com/GetSayAll/sayall-mac-remote.git",
      "state" : {
        "revision" : "7d1b3c2e1d88913bafaa3a401c939eb218a1f363"
      }
    },
    {
      "identity" : "sparkle",
      "kind" : "remoteSourceControl",
      "location" : "https://github.com/sparkle-project/Sparkle",
      "state" : {
        "revision" : "b6496a74a087257ef5e6da1c5b29a447a60f5bd7",
        "version" : "2.9.4"
      }
    }
  ],
  "version" : 3
}
